
Microsoft Visual Studio Solution File, Format Version 12.00
# Visual Studio Version 16
VisualStudioVersion = 16.0.28803.202
MinimumVisualStudioVersion = 10.0.40219.1
Project("{FAE04EC0-301F-11D3-BF4B-00C04F79EFBC}") = "MVCBlogProject.CORE", "MVCBlogProject.CORE\MVCBlogProject.CORE.csproj", "{13796E05-A933-4E9B-97AA-420A02FE3B91}"
EndProject
Project("{FAE04EC0-301F-11D3-BF4B-00C04F79EFBC}") = "MVCBlogProject.MODEL", "MVCBlogProject.MODEL\MVCBlogProject.MODEL.csproj", "{FD57F242-4DB7-44E3-9F66-BC05DA13894E}"
EndProject
Project("{FAE04EC0-301F-11D3-BF4B-00C04F79EFBC}") = "MVCBlogProject.DAL", "MVCBlogProject.DAL\MVCBlogProject.DAL.csproj", "{1199CFE0-77B0-4DE4-B448-A6B24A1FAD11}"
EndProject
Project("{FAE04EC0-301F-11D3-BF4B-00C04F79EFBC}") = "MVCBlogProject.SERVICE", "MVCBlogProject.SERVICE\MVCBlogProject.SERVICE.csproj", "{D4E6338A-ACAD-4856-BF20-9C5683FF3C9D}"
EndProject
Project("{FAE04EC0-301F-11D3-BF4B-00C04F79EFBC}") = "MVCBlogProject.MVCUI", "MVCBlogProject.MVCUI\MVCBlogProject.MVCUI.csproj", "{E2A613E7-5941-4110-81F2-222621925C53}"
EndProject
Project("{FAE04EC0-301F-11D3-BF4B-00C04F79EFBC}") = "MVCBlogProject.MAP", "MVCBlogProject.MAP\MVCBlogProject.MAP.csproj", "{933B867D-B53E-44FA-9158-2C599CCCE1CC}"
EndProject
Project("{FAE04EC0-301F-11D3-BF4B-00C04F79EFBC}") = "MVCBlogProject.COMMON", "MVCBlogProject.COMMON\MVCBlogProject.COMMON.csproj", "{F03EB779-F548-4F25-A916-52B957DE72C9}"
EndProject
Global
	GlobalSection(SolutionConfigurationPlatforms) = preSolution
		Debug|Any CPU = Debug|Any CPU
		Release|Any CPU = Release|Any CPU
	EndGlobalSection
	GlobalSection(ProjectConfigurationPlatforms) = postSolution
		{13796E05-A933-4E9B-97AA-420A02FE3B91}.Debug|Any CPU.ActiveCfg = Debug|Any CPU
		{13796E05-A933-4E9B-97AA-420A02FE3B91}.Debug|Any CPU.Build.0 = Debug|Any CPU
		{13796E05-A933-4E9B-97AA-420A02FE3B91}.Release|Any CPU.ActiveCfg = Release|Any CPU
		{13796E05-A933-4E9B-97AA-420A02FE3B91}.Release|Any CPU.Build.0 = Release|Any CPU
		{FD57F242-4DB7-44E3-9F66-BC05DA13894E}.Debug|Any CPU.ActiveCfg = Debug|Any CPU
		{FD57F242-4DB7-44E3-9F66-BC05DA13894E}.Debug|Any CPU.Build.0 = Debug|Any CPU
		{FD57F242-4DB7-44E3-9F66-BC05DA13894E}.Release|Any CPU.ActiveCfg = Release|Any CPU
		{FD57F242-4DB7-44E3-9F66-BC05DA13894E}.Release|Any CPU.Build.0 = Release|Any CPU
		{1199CFE0-77B0-4DE4-B448-A6B24A1FAD11}.Debug|Any CPU.ActiveCfg = Debug|Any CPU
		{1199CFE0-77B0-4DE4-B448-A6B24A1FAD11}.Debug|Any CPU.Build.0 = Debug|Any CPU
		{1199CFE0-77B0-4DE4-B448-A6B24A1FAD11}.Release|Any CPU.ActiveCfg = Release|Any CPU
		{1199CFE0-77B0-4DE4-B448-A6B24A1FAD11}.Release|Any CPU.Build.0 = Release|Any CPU
		{D4E6338A-ACAD-4856-BF20-9C5683FF3C9D}.Debug|Any CPU.ActiveCfg = Debug|Any CPU
		{D4E6338A-ACAD-4856-BF20-9C5683FF3C9D}.Debug|Any CPU.Build.0 = Debug|Any CPU
		{D4E6338A-ACAD-4856-BF20-9C5683FF3C9D}.Release|Any CPU.ActiveCfg = Release|Any CPU
		{D4E6338A-ACAD-4856-BF20-9C5683FF3C9D}.Release|Any CPU.Build.0 = Release|Any CPU
		{E2A613E7-5941-4110-81F2-222621925C53}.Debug|Any CPU.ActiveCfg = Debug|Any CPU
		{E2A613E7-5941-4110-81F2-222621925C53}.Debug|Any CPU.Build.0 = Debug|Any CPU
		{E2A613E7-5941-4110-81F2-222621925C53}.Release|Any CPU.ActiveCfg = Release|Any CPU
		{E2A613E7-5941-4110-81F2-222621925C53}.Release|Any CPU.Build.0 = Release|Any CPU
		{933B867D-B53E-44FA-9158-2C599CCCE1CC}.Debug|Any CPU.ActiveCfg = Debug|Any CPU
		{933B867D-B53E-44FA-9158-2C599CCCE1CC}.Debug|Any CPU.Build.0 = Debug|Any CPU
		{933B867D-B53E-44FA-9158-2C599CCCE1CC}.Release|Any CPU.ActiveCfg = Release|Any CPU
		{933B867D-B53E-44FA-9158-2C599CCCE1CC}.Release|Any CPU.Build.0 = Release|Any CPU
		{F03EB779-F548-4F25-A916-52B957DE72C9}.Debug|Any CPU.ActiveCfg = Debug|Any CPU
		{F03EB779-F548-4F25-A916-52B957DE72C9}.Debug|Any CPU.Build.0 = Debug|Any CPU
		{F03EB779-F548-4F25-A916-52B957DE72C9}.Release|Any CPU.ActiveCfg = Release|Any CPU
		{F03EB779-F548-4F25-A916-52B957DE72C9}.Release|Any CPU.Build.0 = Release|Any CPU
	EndGlobalSection
	GlobalSection(SolutionProperties) = preSolution
		HideSolutionNode = FALSE
	EndGlobalSection
	GlobalSection(ExtensibilityGlobals) = postSolution
		SolutionGuid = {B7C65A86-C673-4AED-93AE-3E1C12F93C41}
	EndGlobalSection
EndGlobal
